// !$*UTF8*$!
{
	archiveVersion = 1;
	classes = {
	};
	objectVersion = 46;
	objects = {

/* Begin PBXAggregateTarget section */
		33F7B452D6E34F539DFD8BB3 /* ALL_BUILD */ = {
			isa = PBXAggregateTarget;
			buildConfigurationList = 3EB9493AEF9E4B3C95065E81 /* Build configuration list for PBXAggregateTarget "ALL_BUILD" */;
			buildPhases = (
				8D678015D254400FB5B555C1 /* CMake Rules */,
			);
			dependencies = (
				20A3F54ED58643E7B7156875 /* PBXTargetDependency */,
				CD50F491BE4B47D7B81C434D /* PBXTargetDependency */,
			);
			name = ALL_BUILD;
			productName = ALL_BUILD;
		};
		A299761497CE4CB29376C57D /* ZERO_CHECK */ = {
			isa = PBXAggregateTarget;
			buildConfigurationList = 0FF776067FCE4C54BE9C1582 /* Build configuration list for PBXAggregateTarget "ZERO_CHECK" */;
			buildPhases = (
				BCB13048197F41209556FF16 /* CMake Rules */,
			);
			dependencies = (
			);
			name = ZERO_CHECK;
			productName = ZERO_CHECK;
		};
/* End PBXAggregateTarget section */

/* Begin PBXBuildFile section */
		6F7AD0A856C44646B4A974A5 /* /Users/romko/Dropbox/_Dev/spirit_parser/CMakeLists.txt */ = {isa = PBXBuildFile; fileRef = 73F15B5019DF4A0591F246B1 /* /Users/romko/Dropbox/_Dev/spirit_parser/CMakeLists.txt */; };
		891BE6BD885D435BA9324166 /* /Users/romko/Dropbox/_Dev/spirit_parser/src/main.cpp */ = {isa = PBXBuildFile; fileRef = A52613D51BB04107BAAF090C /* /Users/romko/Dropbox/_Dev/spirit_parser/src/main.cpp */; };
/* End PBXBuildFile section */

/* Begin PBXBuildStyle section */
		0873F73557504C0AAC3A86EB /* Debug */ = {
			isa = PBXBuildStyle;
			buildSettings = {
				COPY_PHASE_STRIP = NO;
			};
			name = Debug;
		};
		71A2A8673AB24A41BA97D8E8 /* MinSizeRel */ = {
			isa = PBXBuildStyle;
			buildSettings = {
				COPY_PHASE_STRIP = NO;
			};
			name = MinSizeRel;
		};
		8E2726BB5F1946B19B005D20 /* RelWithDebInfo */ = {
			isa = PBXBuildStyle;
			buildSettings = {
				COPY_PHASE_STRIP = NO;
			};
			name = RelWithDebInfo;
		};
		D074A1527CA34F32A76F2A47 /* Release */ = {
			isa = PBXBuildStyle;
			buildSettings = {
				COPY_PHASE_STRIP = NO;
			};
			name = Release;
		};
/* End PBXBuildStyle section */

/* Begin PBXContainerItemProxy section */
		97A84B531A87430C9295148E /* PBXContainerItemProxy */ = {
			isa = PBXContainerItemProxy;
			containerPortal = 18F797D2771E4540BF1DD1A4 /* Project object */;
			proxyType = 1;
			remoteGlobalIDString = A299761497CE4CB29376C57D;
			remoteInfo = ZERO_CHECK;
		};
		97E3A321CABF4D84993D32B2 /* PBXContainerItemProxy */ = {
			isa = PBXContainerItemProxy;
			containerPortal = 18F797D2771E4540BF1DD1A4 /* Project object */;
			proxyType = 1;
			remoteGlobalIDString = BE55E4EE13C64720952A2C80;
			remoteInfo = spirit_parser;
		};
		DDADD839FE26427F8773D76B /* PBXContainerItemProxy */ = {
			isa = PBXContainerItemProxy;
			containerPortal = 18F797D2771E4540BF1DD1A4 /* Project object */;
			proxyType = 1;
			remoteGlobalIDString = A299761497CE4CB29376C57D;
			remoteInfo = ZERO_CHECK;
		};
/* End PBXContainerItemProxy section */

/* Begin PBXFileReference section */
		73F15B5019DF4A0591F246B1 /* /Users/romko/Dropbox/_Dev/spirit_parser/CMakeLists.txt */ = {isa = PBXFileReference; explicitFileType = sourcecode.text; fileEncoding = 4; name = CMakeLists.txt; path = CMakeLists.txt; sourceTree = SOURCE_ROOT; };
		74E00917C10D4415B7BB3CFC /* /Users/romko/Dropbox/_Dev/spirit_parser/CMakeLists.txt */ = {isa = PBXFileReference; explicitFileType = sourcecode.text; fileEncoding = 4; name = CMakeLists.txt; path = CMakeLists.txt; sourceTree = SOURCE_ROOT; };
		A52613D51BB04107BAAF090C /* /Users/romko/Dropbox/_Dev/spirit_parser/src/main.cpp */ = {isa = PBXFileReference; explicitFileType = sourcecode.cpp.cpp; fileEncoding = 4; name = main.cpp; path = src/main.cpp; sourceTree = SOURCE_ROOT; };
		BFFA1F4640E0467D9C008698 /* spirit_parser */ = {isa = PBXFileReference; explicitFileType = "compiled.mach-o.executable"; path = spirit_parser; sourceTree = BUILT_PRODUCTS_DIR; };
/* End PBXFileReference section */

/* Begin PBXGroup section */
		006870141FC849CF8AFC2E71 /* ALL_BUILD */ = {
			isa = PBXGroup;
			children = (
				C7531DD1229B4F7B9179118F /* CMake Rules */,
				74E00917C10D4415B7BB3CFC /* /Users/romko/Dropbox/_Dev/spirit_parser/CMakeLists.txt */,
			);
			name = ALL_BUILD;
			sourceTree = "<group>";
		};
		302FF0CACE674DDD925E7BA3 = {
			isa = PBXGroup;
			children = (
				5663BC627B714E8F99E29522 /* spirit_parser */,
				006870141FC849CF8AFC2E71 /* ALL_BUILD */,
				7440F6B023CE47CFB6B7B227 /* Products */,
			);
			sourceTree = "<group>";
		};
		5663BC627B714E8F99E29522 /* spirit_parser */ = {
			isa = PBXGroup;
			children = (
				B837722497DB490D960FBD0B /* Source Files */,
				73F15B5019DF4A0591F246B1 /* /Users/romko/Dropbox/_Dev/spirit_parser/CMakeLists.txt */,
			);
			name = spirit_parser;
			sourceTree = "<group>";
		};
		7440F6B023CE47CFB6B7B227 /* Products */ = {
			isa = PBXGroup;
			children = (
				BFFA1F4640E0467D9C008698 /* spirit_parser */,
			);
			name = Products;
			sourceTree = "<group>";
		};
		B837722497DB490D960FBD0B /* Source Files */ = {
			isa = PBXGroup;
			children = (
				A52613D51BB04107BAAF090C /* /Users/romko/Dropbox/_Dev/spirit_parser/src/main.cpp */,
			);
			name = "Source Files";
			sourceTree = "<group>";
		};
		C7531DD1229B4F7B9179118F /* CMake Rules */ = {
			isa = PBXGroup;
			children = (
			);
			name = "CMake Rules";
			sourceTree = "<group>";
		};
/* End PBXGroup section */

/* Begin PBXNativeTarget section */
		BE55E4EE13C64720952A2C80 /* spirit_parser */ = {
			isa = PBXNativeTarget;
			buildConfigurationList = 02B0FFC41C9D4F76A62AEB12 /* Build configuration list for PBXNativeTarget "spirit_parser" */;
			buildPhases = (
				69F9D7C8AEE04F579469E8E6 /* Sources */,
			);
			buildRules = (
			);
			dependencies = (
				7D6D76E10813434C80F63F74 /* PBXTargetDependency */,
			);
			name = spirit_parser;
			productName = spirit_parser;
			productReference = BFFA1F4640E0467D9C008698 /* spirit_parser */;
			productType = "com.apple.product-type.tool";
		};
/* End PBXNativeTarget section */

/* Begin PBXProject section */
		18F797D2771E4540BF1DD1A4 /* Project object */ = {
			isa = PBXProject;
			attributes = {
				BuildIndependentTargetsInParallel = YES;
				LastUpgradeCheck = 0930;
			};
			buildConfigurationList = 658D90CC243B4E6A8CE664E9 /* Build configuration list for PBXProject "spirit_parser" */;
			buildSettings = {
			};
			buildStyles = (
				0873F73557504C0AAC3A86EB /* Debug */,
				D074A1527CA34F32A76F2A47 /* Release */,
				71A2A8673AB24A41BA97D8E8 /* MinSizeRel */,
				8E2726BB5F1946B19B005D20 /* RelWithDebInfo */,
			);
			compatibilityVersion = "Xcode 3.2";
			hasScannedForEncodings = 0;
			mainGroup = 302FF0CACE674DDD925E7BA3;
			projectDirPath = ../;
			projectRoot = "";
			targets = (
				33F7B452D6E34F539DFD8BB3 /* ALL_BUILD */,
				A299761497CE4CB29376C57D /* ZERO_CHECK */,
				BE55E4EE13C64720952A2C80 /* spirit_parser */,
			);
		};
/* End PBXProject section */

/* Begin PBXShellScriptBuildPhase section */
		25F12E5A2A194F189DE1327E = {
			isa = PBXShellScriptBuildPhase;
			buildActionMask = 2147483647;
			files = (
			);
			inputPaths = (
			);
			outputPaths = (
			);
			runOnlyForDeploymentPostprocessing = 0;
			shellPath = /bin/sh;
			shellScript = "# shell script goes here
exit 0";
			showEnvVarsInLog = 0;
		};
		8D678015D254400FB5B555C1 /* CMake Rules */ = {
			isa = PBXShellScriptBuildPhase;
			buildActionMask = 2147483647;
			files = (
			);
			name = "CMake Rules";
			runOnlyForDeploymentPostprocessing = 0;
			shellPath = /bin/sh;
			shellScript = "make -C /Users/romko/Dropbox/_Dev/spirit_parser/xcode -f /Users/romko/Dropbox/_Dev/spirit_parser/xcode/CMakeScripts/ALL_BUILD_cmakeRulesBuildPhase.make$CONFIGURATION all";
			showEnvVarsInLog = 0;
		};
		AB7277519BC044259230EC6B = {
			isa = PBXShellScriptBuildPhase;
			buildActionMask = 2147483647;
			files = (
			);
			inputPaths = (
			);
			outputPaths = (
			);
			runOnlyForDeploymentPostprocessing = 0;
			shellPath = /bin/sh;
			shellScript = "# shell script goes here
exit 0";
			showEnvVarsInLog = 0;
		};
		BCB13048197F41209556FF16 /* CMake Rules */ = {
			isa = PBXShellScriptBuildPhase;
			buildActionMask = 2147483647;
			files = (
			);
			name = "CMake Rules";
			runOnlyForDeploymentPostprocessing = 0;
			shellPath = /bin/sh;
			shellScript = "make -C /Users/romko/Dropbox/_Dev/spirit_parser/xcode -f /Users/romko/Dropbox/_Dev/spirit_parser/xcode/CMakeScripts/ZERO_CHECK_cmakeRulesBuildPhase.make$CONFIGURATION all";
			showEnvVarsInLog = 0;
		};
/* End PBXShellScriptBuildPhase section */

/* Begin PBXSourcesBuildPhase section */
		69F9D7C8AEE04F579469E8E6 /* Sources */ = {
			isa = PBXSourcesBuildPhase;
			buildActionMask = 2147483647;
			files = (
				891BE6BD885D435BA9324166 /* /Users/romko/Dropbox/_Dev/spirit_parser/src/main.cpp */,
			);
			runOnlyForDeploymentPostprocessing = 0;
		};
/* End PBXSourcesBuildPhase section */

/* Begin PBXTargetDependency section */
		20A3F54ED58643E7B7156875 /* PBXTargetDependency */ = {
			isa = PBXTargetDependency;
			target = A299761497CE4CB29376C57D /* ZERO_CHECK */;
			targetProxy = DDADD839FE26427F8773D76B /* PBXContainerItemProxy */;
		};
		7D6D76E10813434C80F63F74 /* PBXTargetDependency */ = {
			isa = PBXTargetDependency;
			target = A299761497CE4CB29376C57D /* ZERO_CHECK */;
			targetProxy = 97A84B531A87430C9295148E /* PBXContainerItemProxy */;
		};
		CD50F491BE4B47D7B81C434D /* PBXTargetDependency */ = {
			isa = PBXTargetDependency;
			target = BE55E4EE13C64720952A2C80 /* spirit_parser */;
			targetProxy = 97E3A321CABF4D84993D32B2 /* PBXContainerItemProxy */;
		};
/* End PBXTargetDependency section */

/* Begin XCBuildConfiguration section */
		07E3DA8269A64AD58CEB618D /* Release */ = {
			isa = XCBuildConfiguration;
			buildSettings = {
				COMBINE_HIDPI_IMAGES = YES;
				GCC_GENERATE_DEBUGGING_SYMBOLS = YES;
				GCC_INLINES_ARE_PRIVATE_EXTERN = NO;
				GCC_OPTIMIZATION_LEVEL = 0;
				GCC_PREPROCESSOR_DEFINITIONS = ("'CMAKE_INTDIR=\"$(CONFIGURATION)$(EFFECTIVE_PLATFORM_NAME)\"'");
				GCC_SYMBOLS_PRIVATE_EXTERN = NO;
				INSTALL_PATH = "";
				OTHER_LDFLAGS = " ";
				OTHER_REZFLAGS = "";
				PRODUCT_NAME = ZERO_CHECK;
				SECTORDER_FLAGS = "";
				SYMROOT = /Users/romko/Dropbox/_Dev/spirit_parser/xcode;
				USE_HEADERMAP = NO;
				WARNING_CFLAGS = ("-Wmost","-Wno-four-char-constants","-Wno-unknown-pragmas","$(inherited)");
			};
			name = Release;
		};
		0E8341876ECA4942A08CA361 /* Debug */ = {
			isa = XCBuildConfiguration;
			buildSettings = {
				COMBINE_HIDPI_IMAGES = YES;
				GCC_GENERATE_DEBUGGING_SYMBOLS = YES;
				GCC_INLINES_ARE_PRIVATE_EXTERN = NO;
				GCC_OPTIMIZATION_LEVEL = 0;
				GCC_PREPROCESSOR_DEFINITIONS = ("'CMAKE_INTDIR=\"$(CONFIGURATION)$(EFFECTIVE_PLATFORM_NAME)\"'");
				GCC_SYMBOLS_PRIVATE_EXTERN = NO;
				INSTALL_PATH = "";
				OTHER_LDFLAGS = " ";
				OTHER_REZFLAGS = "";
				PRODUCT_NAME = ALL_BUILD;
				SECTORDER_FLAGS = "";
				SYMROOT = /Users/romko/Dropbox/_Dev/spirit_parser/xcode;
				USE_HEADERMAP = NO;
				WARNING_CFLAGS = ("-Wmost","-Wno-four-char-constants","-Wno-unknown-pragmas","$(inherited)");
			};
			name = Debug;
		};
		3031AEEE087F4CD6946FA0F5 /* MinSizeRel */ = {
			isa = XCBuildConfiguration;
			buildSettings = {
				COMBINE_HIDPI_IMAGES = YES;
				GCC_GENERATE_DEBUGGING_SYMBOLS = YES;
				GCC_INLINES_ARE_PRIVATE_EXTERN = NO;
				GCC_OPTIMIZATION_LEVEL = 0;
				GCC_PREPROCESSOR_DEFINITIONS = ("'CMAKE_INTDIR=\"$(CONFIGURATION)$(EFFECTIVE_PLATFORM_NAME)\"'");
				GCC_SYMBOLS_PRIVATE_EXTERN = NO;
				INSTALL_PATH = "";
				OTHER_LDFLAGS = " ";
				OTHER_REZFLAGS = "";
				PRODUCT_NAME = ZERO_CHECK;
				SECTORDER_FLAGS = "";
				SYMROOT = /Users/romko/Dropbox/_Dev/spirit_parser/xcode;
				USE_HEADERMAP = NO;
				WARNING_CFLAGS = ("-Wmost","-Wno-four-char-constants","-Wno-unknown-pragmas","$(inherited)");
			};
			name = MinSizeRel;
		};
		42B6F3230F72423CAF842EF4 /* RelWithDebInfo */ = {
			isa = XCBuildConfiguration;
			buildSettings = {
				COMBINE_HIDPI_IMAGES = YES;
				GCC_GENERATE_DEBUGGING_SYMBOLS = YES;
				GCC_INLINES_ARE_PRIVATE_EXTERN = NO;
				GCC_OPTIMIZATION_LEVEL = 0;
				GCC_PREPROCESSOR_DEFINITIONS = ("'CMAKE_INTDIR=\"$(CONFIGURATION)$(EFFECTIVE_PLATFORM_NAME)\"'");
				GCC_SYMBOLS_PRIVATE_EXTERN = NO;
				INSTALL_PATH = "";
				OTHER_LDFLAGS = " ";
				OTHER_REZFLAGS = "";
				PRODUCT_NAME = ZERO_CHECK;
				SECTORDER_FLAGS = "";
				SYMROOT = /Users/romko/Dropbox/_Dev/spirit_parser/xcode;
				USE_HEADERMAP = NO;
				WARNING_CFLAGS = ("-Wmost","-Wno-four-char-constants","-Wno-unknown-pragmas","$(inherited)");
			};
			name = RelWithDebInfo;
		};
		471FC49737544AB88425CCEF /* Debug */ = {
			isa = XCBuildConfiguration;
			buildSettings = {
				COMBINE_HIDPI_IMAGES = YES;
				EXECUTABLE_PREFIX = "";
				EXECUTABLE_SUFFIX = "";
				GCC_GENERATE_DEBUGGING_SYMBOLS = YES;
				GCC_INLINES_ARE_PRIVATE_EXTERN = NO;
				GCC_OPTIMIZATION_LEVEL = 0;
				GCC_PREPROCESSOR_DEFINITIONS = ("'CMAKE_INTDIR=\"$(CONFIGURATION)$(EFFECTIVE_PLATFORM_NAME)\"'","'BOOST_SPIRIT_USE_PHOENIX_V3=1'");
				GCC_SYMBOLS_PRIVATE_EXTERN = NO;
				INSTALL_PATH = "";
				LIBRARY_SEARCH_PATHS = "";
				OTHER_CPLUSPLUSFLAGS = "   '-std=gnu++14'  ";
				OTHER_LDFLAGS = " -Wl,-search_paths_first -Wl,-headerpad_max_install_names  ";
				OTHER_REZFLAGS = "";
				PRODUCT_NAME = spirit_parser;
				SECTORDER_FLAGS = "";
				SYMROOT = /Users/romko/Dropbox/_Dev/spirit_parser/xcode;
				USE_HEADERMAP = NO;
				WARNING_CFLAGS = ("-Wmost","-Wno-four-char-constants","-Wno-unknown-pragmas","$(inherited)");
			};
			name = Debug;
		};
		66ADA95D49304F2289F2063F /* Release */ = {
			isa = XCBuildConfiguration;
			buildSettings = {
				COMBINE_HIDPI_IMAGES = YES;
				GCC_GENERATE_DEBUGGING_SYMBOLS = YES;
				GCC_INLINES_ARE_PRIVATE_EXTERN = NO;
				GCC_OPTIMIZATION_LEVEL = 0;
				GCC_PREPROCESSOR_DEFINITIONS = ("'CMAKE_INTDIR=\"$(CONFIGURATION)$(EFFECTIVE_PLATFORM_NAME)\"'");
				GCC_SYMBOLS_PRIVATE_EXTERN = NO;
				INSTALL_PATH = "";
				OTHER_LDFLAGS = " ";
				OTHER_REZFLAGS = "";
				PRODUCT_NAME = ALL_BUILD;
				SECTORDER_FLAGS = "";
				SYMROOT = /Users/romko/Dropbox/_Dev/spirit_parser/xcode;
				USE_HEADERMAP = NO;
				WARNING_CFLAGS = ("-Wmost","-Wno-four-char-constants","-Wno-unknown-pragmas","$(inherited)");
			};
			name = Release;
		};
		6724C9DC0EB741468B338616 /* Debug */ = {
			isa = XCBuildConfiguration;
			buildSettings = {
				ONLY_ACTIVE_ARCH = YES;
				SDKROOT = /Applications/Xcode.app/Contents/Developer/Platforms/MacOSX.platform/Developer/SDKs/MacOSX10.13.sdk;
				SYMROOT = /Users/romko/Dropbox/_Dev/spirit_parser/xcode/build;
			};
			name = Debug;
		};
		89B4ED3B7A4E433C9A4FB63C /* RelWithDebInfo */ = {
			isa = XCBuildConfiguration;
			buildSettings = {
				COMBINE_HIDPI_IMAGES = YES;
				EXECUTABLE_PREFIX = "";
				EXECUTABLE_SUFFIX = "";
				GCC_GENERATE_DEBUGGING_SYMBOLS = YES;
				GCC_INLINES_ARE_PRIVATE_EXTERN = NO;
				GCC_OPTIMIZATION_LEVEL = 2;
				GCC_PREPROCESSOR_DEFINITIONS = ("'CMAKE_INTDIR=\"$(CONFIGURATION)$(EFFECTIVE_PLATFORM_NAME)\"'","'BOOST_SPIRIT_USE_PHOENIX_V3=1'");
				GCC_SYMBOLS_PRIVATE_EXTERN = NO;
				INSTALL_PATH = "";
				LIBRARY_SEARCH_PATHS = "";
				OTHER_CPLUSPLUSFLAGS = "       -DNDEBUG '-std=gnu++14'  ";
				OTHER_LDFLAGS = " -Wl,-search_paths_first -Wl,-headerpad_max_install_names  ";
				OTHER_REZFLAGS = "";
				PRODUCT_NAME = spirit_parser;
				SECTORDER_FLAGS = "";
				SYMROOT = /Users/romko/Dropbox/_Dev/spirit_parser/xcode;
				USE_HEADERMAP = NO;
				WARNING_CFLAGS = ("-Wmost","-Wno-four-char-constants","-Wno-unknown-pragmas","$(inherited)");
			};
			name = RelWithDebInfo;
		};
		8E027B8C349643ECA2EFB375 /* Release */ = {
			isa = XCBuildConfiguration;
			buildSettings = {
				ONLY_ACTIVE_ARCH = YES;
				SDKROOT = /Applications/Xcode.app/Contents/Developer/Platforms/MacOSX.platform/Developer/SDKs/MacOSX10.13.sdk;
				SYMROOT = /Users/romko/Dropbox/_Dev/spirit_parser/xcode/build;
			};
			name = Release;
		};
		9C82938639974639B0FCBDEF /* MinSizeRel */ = {
			isa = XCBuildConfiguration;
			buildSettings = {
				ONLY_ACTIVE_ARCH = YES;
				SDKROOT = /Applications/Xcode.app/Contents/Developer/Platforms/MacOSX.platform/Developer/SDKs/MacOSX10.13.sdk;
				SYMROOT = /Users/romko/Dropbox/_Dev/spirit_parser/xcode/build;
			};
			name = MinSizeRel;
		};
		B0B96AAE10214AD1B34C1C98 /* MinSizeRel */ = {
			isa = XCBuildConfiguration;
			buildSettings = {
				COMBINE_HIDPI_IMAGES = YES;
				EXECUTABLE_PREFIX = "";
				EXECUTABLE_SUFFIX = "";
				GCC_GENERATE_DEBUGGING_SYMBOLS = NO;
				GCC_INLINES_ARE_PRIVATE_EXTERN = NO;
				GCC_OPTIMIZATION_LEVEL = s;
				GCC_PREPROCESSOR_DEFINITIONS = ("'CMAKE_INTDIR=\"$(CONFIGURATION)$(EFFECTIVE_PLATFORM_NAME)\"'","'BOOST_SPIRIT_USE_PHOENIX_V3=1'");
				GCC_SYMBOLS_PRIVATE_EXTERN = NO;
				INSTALL_PATH = "";
				LIBRARY_SEARCH_PATHS = "";
				OTHER_CPLUSPLUSFLAGS = "    -DNDEBUG '-std=gnu++14'  ";
				OTHER_LDFLAGS = " -Wl,-search_paths_first -Wl,-headerpad_max_install_names  ";
				OTHER_REZFLAGS = "";
				PRODUCT_NAME = spirit_parser;
				SECTORDER_FLAGS = "";
				SYMROOT = /Users/romko/Dropbox/_Dev/spirit_parser/xcode;
				USE_HEADERMAP = NO;
				WARNING_CFLAGS = ("-Wmost","-Wno-four-char-constants","-Wno-unknown-pragmas","$(inherited)");
			};
			name = MinSizeRel;
		};
		B517FAC8B2C14999A413CB42 /* RelWithDebInfo */ = {
			isa = XCBuildConfiguration;
			buildSettings = {
				COMBINE_HIDPI_IMAGES = YES;
				GCC_GENERATE_DEBUGGING_SYMBOLS = YES;
				GCC_INLINES_ARE_PRIVATE_EXTERN = NO;
				GCC_OPTIMIZATION_LEVEL = 0;
				GCC_PREPROCESSOR_DEFINITIONS = ("'CMAKE_INTDIR=\"$(CONFIGURATION)$(EFFECTIVE_PLATFORM_NAME)\"'");
				GCC_SYMBOLS_PRIVATE_EXTERN = NO;
				INSTALL_PATH = "";
				OTHER_LDFLAGS = " ";
				OTHER_REZFLAGS = "";
				PRODUCT_NAME = ALL_BUILD;
				SECTORDER_FLAGS = "";
				SYMROOT = /Users/romko/Dropbox/_Dev/spirit_parser/xcode;
				USE_HEADERMAP = NO;
				WARNING_CFLAGS = ("-Wmost","-Wno-four-char-constants","-Wno-unknown-pragmas","$(inherited)");
			};
			name = RelWithDebInfo;
		};
		BD0A346AE7C5426382C70E8F /* Release */ = {
			isa = XCBuildConfiguration;
			buildSettings = {
				COMBINE_HIDPI_IMAGES = YES;
				EXECUTABLE_PREFIX = "";
				EXECUTABLE_SUFFIX = "";
				GCC_GENERATE_DEBUGGING_SYMBOLS = NO;
				GCC_INLINES_ARE_PRIVATE_EXTERN = NO;
				GCC_OPTIMIZATION_LEVEL = 3;
				GCC_PREPROCESSOR_DEFINITIONS = ("'CMAKE_INTDIR=\"$(CONFIGURATION)$(EFFECTIVE_PLATFORM_NAME)\"'","'BOOST_SPIRIT_USE_PHOENIX_V3=1'");
				GCC_SYMBOLS_PRIVATE_EXTERN = NO;
				INSTALL_PATH = "";
				LIBRARY_SEARCH_PATHS = "";
				OTHER_CPLUSPLUSFLAGS = "    -DNDEBUG '-std=gnu++14'  ";
				OTHER_LDFLAGS = " -Wl,-search_paths_first -Wl,-headerpad_max_install_names  ";
				OTHER_REZFLAGS = "";
				PRODUCT_NAME = spirit_parser;
				SECTORDER_FLAGS = "";
				SYMROOT = /Users/romko/Dropbox/_Dev/spirit_parser/xcode;
				USE_HEADERMAP = NO;
				WARNING_CFLAGS = ("-Wmost","-Wno-four-char-constants","-Wno-unknown-pragmas","$(inherited)");
			};
			name = Release;
		};
		C92D12084FD14734A81E4A34 /* MinSizeRel */ = {
			isa = XCBuildConfiguration;
			buildSettings = {
				COMBINE_HIDPI_IMAGES = YES;
				GCC_GENERATE_DEBUGGING_SYMBOLS = YES;
				GCC_INLINES_ARE_PRIVATE_EXTERN = NO;
				GCC_OPTIMIZATION_LEVEL = 0;
				GCC_PREPROCESSOR_DEFINITIONS = ("'CMAKE_INTDIR=\"$(CONFIGURATION)$(EFFECTIVE_PLATFORM_NAME)\"'");
				GCC_SYMBOLS_PRIVATE_EXTERN = NO;
				INSTALL_PATH = "";
				OTHER_LDFLAGS = " ";
				OTHER_REZFLAGS = "";
				PRODUCT_NAME = ALL_BUILD;
				SECTORDER_FLAGS = "";
				SYMROOT = /Users/romko/Dropbox/_Dev/spirit_parser/xcode;
				USE_HEADERMAP = NO;
				WARNING_CFLAGS = ("-Wmost","-Wno-four-char-constants","-Wno-unknown-pragmas","$(inherited)");
			};
			name = MinSizeRel;
		};
		D9FF0EA1E86A4DFF963D14B3 /* RelWithDebInfo */ = {
			isa = XCBuildConfiguration;
			buildSettings = {
				ONLY_ACTIVE_ARCH = YES;
				SDKROOT = /Applications/Xcode.app/Contents/Developer/Platforms/MacOSX.platform/Developer/SDKs/MacOSX10.13.sdk;
				SYMROOT = /Users/romko/Dropbox/_Dev/spirit_parser/xcode/build;
			};
			name = RelWithDebInfo;
		};
		E77DD651FA7E4356B6CBBF1B /* Debug */ = {
			isa = XCBuildConfiguration;
			buildSettings = {
				COMBINE_HIDPI_IMAGES = YES;
				GCC_GENERATE_DEBUGGING_SYMBOLS = YES;
				GCC_INLINES_ARE_PRIVATE_EXTERN = NO;
				GCC_OPTIMIZATION_LEVEL = 0;
				GCC_PREPROCESSOR_DEFINITIONS = ("'CMAKE_INTDIR=\"$(CONFIGURATION)$(EFFECTIVE_PLATFORM_NAME)\"'");
				GCC_SYMBOLS_PRIVATE_EXTERN = NO;
				INSTALL_PATH = "";
				OTHER_LDFLAGS = " ";
				OTHER_REZFLAGS = "";
				PRODUCT_NAME = ZERO_CHECK;
				SECTORDER_FLAGS = "";
				SYMROOT = /Users/romko/Dropbox/_Dev/spirit_parser/xcode;
				USE_HEADERMAP = NO;
				WARNING_CFLAGS = ("-Wmost","-Wno-four-char-constants","-Wno-unknown-pragmas","$(inherited)");
			};
			name = Debug;
		};
/* End XCBuildConfiguration section */

/* Begin XCConfigurationList section */
		02B0FFC41C9D4F76A62AEB12 /* Build configuration list for PBXNativeTarget "spirit_parser" */ = {
			isa = XCConfigurationList;
			buildConfigurations = (
				471FC49737544AB88425CCEF /* Debug */,
				BD0A346AE7C5426382C70E8F /* Release */,
				B0B96AAE10214AD1B34C1C98 /* MinSizeRel */,
				89B4ED3B7A4E433C9A4FB63C /* RelWithDebInfo */,
			);
			defaultConfigurationIsVisible = 0;
			defaultConfigurationName = Debug;
		};
		0FF776067FCE4C54BE9C1582 /* Build configuration list for PBXAggregateTarget "ZERO_CHECK" */ = {
			isa = XCConfigurationList;
			buildConfigurations = (
				E77DD651FA7E4356B6CBBF1B /* Debug */,
				07E3DA8269A64AD58CEB618D /* Release */,
				3031AEEE087F4CD6946FA0F5 /* MinSizeRel */,
				42B6F3230F72423CAF842EF4 /* RelWithDebInfo */,
			);
			defaultConfigurationIsVisible = 0;
			defaultConfigurationName = Debug;
		};
		3EB9493AEF9E4B3C95065E81 /* Build configuration list for PBXAggregateTarget "ALL_BUILD" */ = {
			isa = XCConfigurationList;
			buildConfigurations = (
				0E8341876ECA4942A08CA361 /* Debug */,
				66ADA95D49304F2289F2063F /* Release */,
				C92D12084FD14734A81E4A34 /* MinSizeRel */,
				B517FAC8B2C14999A413CB42 /* RelWithDebInfo */,
			);
			defaultConfigurationIsVisible = 0;
			defaultConfigurationName = Debug;
		};
		658D90CC243B4E6A8CE664E9 /* Build configuration list for PBXProject "spirit_parser" */ = {
			isa = XCConfigurationList;
			buildConfigurations = (
				6724C9DC0EB741468B338616 /* Debug */,
				8E027B8C349643ECA2EFB375 /* Release */,
				9C82938639974639B0FCBDEF /* MinSizeRel */,
				D9FF0EA1E86A4DFF963D14B3 /* RelWithDebInfo */,
			);
			defaultConfigurationIsVisible = 0;
			defaultConfigurationName = Debug;
		};
/* End XCConfigurationList section */
	};
	rootObject = 18F797D2771E4540BF1DD1A4 /* Project object */;
}
